
Microsoft Visual Studio Solution File, Format Version 12.00
# Visual Studio 15
VisualStudioVersion = 15.0.27004.2002
MinimumVisualStudioVersion = 10.0.40219.1
Project("{FAE04EC0-301F-11D3-BF4B-00C04F79EFBC}") = "CherwellTest", "CherwellTest\CherwellTest.csproj", "{EEDD7DFA-FBAC-4C26-B10A-8018CDFD7540}"
EndProject
Project("{FAE04EC0-301F-11D3-BF4B-00C04F79EFBC}") = "CherwellTestTests", "CherwellTestTests\CherwellTestTests.csproj", "{4846C78A-F05F-4836-BA2D-5CCD48B9C41C}"
EndProject
Global
	GlobalSection(SolutionConfigurationPlatforms) = preSolution
		Debug|Any CPU = Debug|Any CPU
		Release|Any CPU = Release|Any CPU
	EndGlobalSection
	GlobalSection(ProjectConfigurationPlatforms) = postSolution
		{EEDD7DFA-FBAC-4C26-B10A-8018CDFD7540}.Debug|Any CPU.ActiveCfg = Debug|Any CPU
		{EEDD7DFA-FBAC-4C26-B10A-8018CDFD7540}.Debug|Any CPU.Build.0 = Debug|Any CPU
		{EEDD7DFA-FBAC-4C26-B10A-8018CDFD7540}.Release|Any CPU.ActiveCfg = Release|Any CPU
		{EEDD7DFA-FBAC-4C26-B10A-8018CDFD7540}.Release|Any CPU.Build.0 = Release|Any CPU
		{4846C78A-F05F-4836-BA2D-5CCD48B9C41C}.Debug|Any CPU.ActiveCfg = Debug|Any CPU
		{4846C78A-F05F-4836-BA2D-5CCD48B9C41C}.Debug|Any CPU.Build.0 = Debug|Any CPU
		{4846C78A-F05F-4836-BA2D-5CCD48B9C41C}.Release|Any CPU.ActiveCfg = Release|Any CPU
		{4846C78A-F05F-4836-BA2D-5CCD48B9C41C}.Release|Any CPU.Build.0 = Release|Any CPU
	EndGlobalSection
	GlobalSection(SolutionProperties) = preSolution
		HideSolutionNode = FALSE
	EndGlobalSection
	GlobalSection(ExtensibilityGlobals) = postSolution
		SolutionGuid = {8BE39C5E-A98E-4B45-85A8-04293E6D9D74}
	EndGlobalSection
EndGlobal
